
Microsoft Visual Studio Solution File, Format Version 12.00
# Visual Studio Version 17
VisualStudioVersion = 17.4.33205.214
MinimumVisualStudioVersion = 10.0.40219.1
Project("{8BC9CEB8-8B4A-11D0-8D11-00A0C91BC942}") = "01_HelloWorld", "01_HelloWorld\01_HelloWorld.vcxproj", "{7CEAA9BA-11DE-444A-A0B2-D95C924D32EA}"
EndProject
Project("{8BC9CEB8-8B4A-11D0-8D11-00A0C91BC942}") = "02_Operator", "02_Operator\02_Operator.vcxproj", "{1C267335-6443-42C6-83F6-65CCBB352EDB}"
EndProject
Project("{8BC9CEB8-8B4A-11D0-8D11-00A0C91BC942}") = "03_Input", "03_Input\03_Input.vcxproj", "{4A778218-1FB6-4606-8A3A-C6F810CE82BA}"
EndProject
Project("{8BC9CEB8-8B4A-11D0-8D11-00A0C91BC942}") = "04_Condition", "04_Condition\04_Condition.vcxproj", "{3D404A07-0101-4115-93A5-1C72E2630877}"
EndProject
Project("{8BC9CEB8-8B4A-11D0-8D11-00A0C91BC942}") = "05_Loop", "05_Loop\05_Loop.vcxproj", "{73917EC7-8F1D-4F79-AE82-C960BFC38FF6}"
EndProject
Project("{8BC9CEB8-8B4A-11D0-8D11-00A0C91BC942}") = "06_Array", "06_Array\06_Array.vcxproj", "{1E0B591D-37EC-4295-8BC4-7B2F24D4673F}"
EndProject
Project("{8BC9CEB8-8B4A-11D0-8D11-00A0C91BC942}") = "07_Variable", "07_Variable\07_Variable.vcxproj", "{B7F9F65A-D2F8-457E-A6C9-F48926E32A05}"
EndProject
Project("{8BC9CEB8-8B4A-11D0-8D11-00A0C91BC942}") = "08_Function", "08_Function\08_Function.vcxproj", "{5235DD43-7A2C-44AF-9DE2-EF7F2E7FFA1B}"
EndProject
Project("{8BC9CEB8-8B4A-11D0-8D11-00A0C91BC942}") = "09_Recursive", "09_Recursive\09_Recursive.vcxproj", "{5B34A7D4-200C-4061-ABE0-0F7817D84B17}"
EndProject
Project("{8BC9CEB8-8B4A-11D0-8D11-00A0C91BC942}") = "10_Pointer", "10_Pointer\10_Pointer.vcxproj", "{37831898-46DF-4954-807A-957585460B77}"
EndProject
Project("{8BC9CEB8-8B4A-11D0-8D11-00A0C91BC942}") = "Note", "Note\Note.vcxproj", "{3C8F2A4A-5D9A-42A3-BEF1-69E515FFBDFF}"
EndProject
Project("{8BC9CEB8-8B4A-11D0-8D11-00A0C91BC942}") = "11_Struct And Class", "11_Struct\11_Struct.vcxproj", "{D0B33483-3F1C-4054-99E0-107466D635FB}"
EndProject
Project("{8BC9CEB8-8B4A-11D0-8D11-00A0C91BC942}") = "12_Dynamic Allocator", "12_Dynamic Allocator\12_Dynamic Allocator.vcxproj", "{11C5151C-2F62-4EE3-86CF-F4B4A3CCA812}"
EndProject
Project("{8BC9CEB8-8B4A-11D0-8D11-00A0C91BC942}") = "13_HashTable(DirectAddressTable)", "13_HashTable(DirectAddressTable)\13_HashTable(DirectAddressTable).vcxproj", "{21916C26-B63C-4B08-B567-76060AA42486}"
EndProject
Project("{8BC9CEB8-8B4A-11D0-8D11-00A0C91BC942}") = "14_LinkedList", "14_LinkedList\14_LinkedList.vcxproj", "{DA89FE90-6964-4D3A-86A9-CBF5A0F686F9}"
EndProject
Project("{8BC9CEB8-8B4A-11D0-8D11-00A0C91BC942}") = "15_SnakeGame", "15_SnakeGame\15_SnakeGame.vcxproj", "{79536262-9963-4ECD-B8C5-78A54860DE61}"
EndProject
Project("{8BC9CEB8-8B4A-11D0-8D11-00A0C91BC942}") = "16_Constructor", "16_Constructor\16_Constructor.vcxproj", "{E4DC6D3C-BFFF-4C35-9E17-64AB3260974D}"
EndProject
Project("{8BC9CEB8-8B4A-11D0-8D11-00A0C91BC942}") = "17_Operator", "17_Operator\17_Operator.vcxproj", "{5AF8D8CF-680E-4209-9981-A2B5D7529520}"
EndProject
Project("{8BC9CEB8-8B4A-11D0-8D11-00A0C91BC942}") = "19_Static", "19_Static\19_Static.vcxproj", "{EFDC32BD-B9D1-4233-81C2-F6E972671B95}"
EndProject
Project("{8BC9CEB8-8B4A-11D0-8D11-00A0C91BC942}") = "20_TemplateClass", "20_TemplateClass\20_TemplateClass.vcxproj", "{EA5C4F77-9D8F-4C1A-912E-4A2DD317CBE5}"
EndProject
Project("{8BC9CEB8-8B4A-11D0-8D11-00A0C91BC942}") = "21_Inheritance", "21_Inheritance\21_Inheritance.vcxproj", "{78300E23-460A-4383-8DBF-43B1AC947797}"
EndProject
Project("{8BC9CEB8-8B4A-11D0-8D11-00A0C91BC942}") = "22_VirtualFunction", "22_VirtualFunction\22_VirtualFunction.vcxproj", "{4AFD4419-4213-4378-B3C0-0F421690E1D9}"
EndProject
Project("{8BC9CEB8-8B4A-11D0-8D11-00A0C91BC942}") = "23_FIleIO", "23_FIleIO\23_FIleIO.vcxproj", "{A8D6BB44-FC70-45C5-879D-2427B842D739}"
EndProject
Project("{8BC9CEB8-8B4A-11D0-8D11-00A0C91BC942}") = "24_STL vector", "24_STL vector\24_STL vector.vcxproj", "{434D858B-6A52-47CA-9F98-49682936ECDC}"
EndProject
Project("{8BC9CEB8-8B4A-11D0-8D11-00A0C91BC942}") = "25_TrueOfOOP", "25_TrueOfOOP\25_TrueOfOOP.vcxproj", "{311BFD45-F596-4D47-BB2C-1820A8A47FE3}"
EndProject
Project("{8BC9CEB8-8B4A-11D0-8D11-00A0C91BC942}") = "26_Graph", "26_Graph\26_Graph.vcxproj", "{ECF8B494-1508-49F9-90C5-4BDA353427AF}"
EndProject
Global
	GlobalSection(SolutionConfigurationPlatforms) = preSolution
		Debug|x64 = Debug|x64
		Debug|x86 = Debug|x86
		Release|x64 = Release|x64
		Release|x86 = Release|x86
	EndGlobalSection
	GlobalSection(ProjectConfigurationPlatforms) = postSolution
		{7CEAA9BA-11DE-444A-A0B2-D95C924D32EA}.Debug|x64.ActiveCfg = Debug|x64
		{7CEAA9BA-11DE-444A-A0B2-D95C924D32EA}.Debug|x64.Build.0 = Debug|x64
		{7CEAA9BA-11DE-444A-A0B2-D95C924D32EA}.Debug|x86.ActiveCfg = Debug|Win32
		{7CEAA9BA-11DE-444A-A0B2-D95C924D32EA}.Debug|x86.Build.0 = Debug|Win32
		{7CEAA9BA-11DE-444A-A0B2-D95C924D32EA}.Release|x64.ActiveCfg = Release|x64
		{7CEAA9BA-11DE-444A-A0B2-D95C924D32EA}.Release|x64.Build.0 = Release|x64
		{7CEAA9BA-11DE-444A-A0B2-D95C924D32EA}.Release|x86.ActiveCfg = Release|Win32
		{7CEAA9BA-11DE-444A-A0B2-D95C924D32EA}.Release|x86.Build.0 = Release|Win32
		{1C267335-6443-42C6-83F6-65CCBB352EDB}.Debug|x64.ActiveCfg = Debug|x64
		{1C267335-6443-42C6-83F6-65CCBB352EDB}.Debug|x64.Build.0 = Debug|x64
		{1C267335-6443-42C6-83F6-65CCBB352EDB}.Debug|x86.ActiveCfg = Debug|Win32
		{1C267335-6443-42C6-83F6-65CCBB352EDB}.Debug|x86.Build.0 = Debug|Win32
		{1C267335-6443-42C6-83F6-65CCBB352EDB}.Release|x64.ActiveCfg = Release|x64
		{1C267335-6443-42C6-83F6-65CCBB352EDB}.Release|x64.Build.0 = Release|x64
		{1C267335-6443-42C6-83F6-65CCBB352EDB}.Release|x86.ActiveCfg = Release|Win32
		{1C267335-6443-42C6-83F6-65CCBB352EDB}.Release|x86.Build.0 = Release|Win32
		{4A778218-1FB6-4606-8A3A-C6F810CE82BA}.Debug|x64.ActiveCfg = Debug|x64
		{4A778218-1FB6-4606-8A3A-C6F810CE82BA}.Debug|x64.Build.0 = Debug|x64
		{4A778218-1FB6-4606-8A3A-C6F810CE82BA}.Debug|x86.ActiveCfg = Debug|Win32
		{4A778218-1FB6-4606-8A3A-C6F810CE82BA}.Debug|x86.Build.0 = Debug|Win32
		{4A778218-1FB6-4606-8A3A-C6F810CE82BA}.Release|x64.ActiveCfg = Release|x64
		{4A778218-1FB6-4606-8A3A-C6F810CE82BA}.Release|x64.Build.0 = Release|x64
		{4A778218-1FB6-4606-8A3A-C6F810CE82BA}.Release|x86.ActiveCfg = Release|Win32
		{4A778218-1FB6-4606-8A3A-C6F810CE82BA}.Release|x86.Build.0 = Release|Win32
		{3D404A07-0101-4115-93A5-1C72E2630877}.Debug|x64.ActiveCfg = Debug|x64
		{3D404A07-0101-4115-93A5-1C72E2630877}.Debug|x64.Build.0 = Debug|x64
		{3D404A07-0101-4115-93A5-1C72E2630877}.Debug|x86.ActiveCfg = Debug|Win32
		{3D404A07-0101-4115-93A5-1C72E2630877}.Debug|x86.Build.0 = Debug|Win32
		{3D404A07-0101-4115-93A5-1C72E2630877}.Release|x64.ActiveCfg = Release|x64
		{3D404A07-0101-4115-93A5-1C72E2630877}.Release|x64.Build.0 = Release|x64
		{3D404A07-0101-4115-93A5-1C72E2630877}.Release|x86.ActiveCfg = Release|Win32
		{3D404A07-0101-4115-93A5-1C72E2630877}.Release|x86.Build.0 = Release|Win32
		{73917EC7-8F1D-4F79-AE82-C960BFC38FF6}.Debug|x64.ActiveCfg = Debug|x64
		{73917EC7-8F1D-4F79-AE82-C960BFC38FF6}.Debug|x64.Build.0 = Debug|x64
		{73917EC7-8F1D-4F79-AE82-C960BFC38FF6}.Debug|x86.ActiveCfg = Debug|Win32
		{73917EC7-8F1D-4F79-AE82-C960BFC38FF6}.Debug|x86.Build.0 = Debug|Win32
		{73917EC7-8F1D-4F79-AE82-C960BFC38FF6}.Release|x64.ActiveCfg = Release|x64
		{73917EC7-8F1D-4F79-AE82-C960BFC38FF6}.Release|x64.Build.0 = Release|x64
		{73917EC7-8F1D-4F79-AE82-C960BFC38FF6}.Release|x86.ActiveCfg = Release|Win32
		{73917EC7-8F1D-4F79-AE82-C960BFC38FF6}.Release|x86.Build.0 = Release|Win32
		{1E0B591D-37EC-4295-8BC4-7B2F24D4673F}.Debug|x64.ActiveCfg = Debug|x64
		{1E0B591D-37EC-4295-8BC4-7B2F24D4673F}.Debug|x64.Build.0 = Debug|x64
		{1E0B591D-37EC-4295-8BC4-7B2F24D4673F}.Debug|x86.ActiveCfg = Debug|Win32
		{1E0B591D-37EC-4295-8BC4-7B2F24D4673F}.Debug|x86.Build.0 = Debug|Win32
		{1E0B591D-37EC-4295-8BC4-7B2F24D4673F}.Release|x64.ActiveCfg = Release|x64
		{1E0B591D-37EC-4295-8BC4-7B2F24D4673F}.Release|x64.Build.0 = Release|x64
		{1E0B591D-37EC-4295-8BC4-7B2F24D4673F}.Release|x86.ActiveCfg = Release|Win32
		{1E0B591D-37EC-4295-8BC4-7B2F24D4673F}.Release|x86.Build.0 = Release|Win32
		{B7F9F65A-D2F8-457E-A6C9-F48926E32A05}.Debug|x64.ActiveCfg = Debug|x64
		{B7F9F65A-D2F8-457E-A6C9-F48926E32A05}.Debug|x64.Build.0 = Debug|x64
		{B7F9F65A-D2F8-457E-A6C9-F48926E32A05}.Debug|x86.ActiveCfg = Debug|Win32
		{B7F9F65A-D2F8-457E-A6C9-F48926E32A05}.Debug|x86.Build.0 = Debug|Win32
		{B7F9F65A-D2F8-457E-A6C9-F48926E32A05}.Release|x64.ActiveCfg = Release|x64
		{B7F9F65A-D2F8-457E-A6C9-F48926E32A05}.Release|x64.Build.0 = Release|x64
		{B7F9F65A-D2F8-457E-A6C9-F48926E32A05}.Release|x86.ActiveCfg = Release|Win32
		{B7F9F65A-D2F8-457E-A6C9-F48926E32A05}.Release|x86.Build.0 = Release|Win32
		{5235DD43-7A2C-44AF-9DE2-EF7F2E7FFA1B}.Debug|x64.ActiveCfg = Debug|x64
		{5235DD43-7A2C-44AF-9DE2-EF7F2E7FFA1B}.Debug|x64.Build.0 = Debug|x64
		{5235DD43-7A2C-44AF-9DE2-EF7F2E7FFA1B}.Debug|x86.ActiveCfg = Debug|Win32
		{5235DD43-7A2C-44AF-9DE2-EF7F2E7FFA1B}.Debug|x86.Build.0 = Debug|Win32
		{5235DD43-7A2C-44AF-9DE2-EF7F2E7FFA1B}.Release|x64.ActiveCfg = Release|x64
		{5235DD43-7A2C-44AF-9DE2-EF7F2E7FFA1B}.Release|x64.Build.0 = Release|x64
		{5235DD43-7A2C-44AF-9DE2-EF7F2E7FFA1B}.Release|x86.ActiveCfg = Release|Win32
		{5235DD43-7A2C-44AF-9DE2-EF7F2E7FFA1B}.Release|x86.Build.0 = Release|Win32
		{5B34A7D4-200C-4061-ABE0-0F7817D84B17}.Debug|x64.ActiveCfg = Debug|x64
		{5B34A7D4-200C-4061-ABE0-0F7817D84B17}.Debug|x64.Build.0 = Debug|x64
		{5B34A7D4-200C-4061-ABE0-0F7817D84B17}.Debug|x86.ActiveCfg = Debug|Win32
		{5B34A7D4-200C-4061-ABE0-0F7817D84B17}.Debug|x86.Build.0 = Debug|Win32
		{5B34A7D4-200C-4061-ABE0-0F7817D84B17}.Release|x64.ActiveCfg = Release|x64
		{5B34A7D4-200C-4061-ABE0-0F7817D84B17}.Release|x64.Build.0 = Release|x64
		{5B34A7D4-200C-4061-ABE0-0F7817D84B17}.Release|x86.ActiveCfg = Release|Win32
		{5B34A7D4-200C-4061-ABE0-0F7817D84B17}.Release|x86.Build.0 = Release|Win32
		{37831898-46DF-4954-807A-957585460B77}.Debug|x64.ActiveCfg = Debug|x64
		{37831898-46DF-4954-807A-957585460B77}.Debug|x64.Build.0 = Debug|x64
		{37831898-46DF-4954-807A-957585460B77}.Debug|x86.ActiveCfg = Debug|Win32
		{37831898-46DF-4954-807A-957585460B77}.Debug|x86.Build.0 = Debug|Win32
		{37831898-46DF-4954-807A-957585460B77}.Release|x64.ActiveCfg = Release|x64
		{37831898-46DF-4954-807A-957585460B77}.Release|x64.Build.0 = Release|x64
		{37831898-46DF-4954-807A-957585460B77}.Release|x86.ActiveCfg = Release|Win32
		{37831898-46DF-4954-807A-957585460B77}.Release|x86.Build.0 = Release|Win32
		{3C8F2A4A-5D9A-42A3-BEF1-69E515FFBDFF}.Debug|x64.ActiveCfg = Debug|x64
		{3C8F2A4A-5D9A-42A3-BEF1-69E515FFBDFF}.Debug|x64.Build.0 = Debug|x64
		{3C8F2A4A-5D9A-42A3-BEF1-69E515FFBDFF}.Debug|x86.ActiveCfg = Debug|Win32
		{3C8F2A4A-5D9A-42A3-BEF1-69E515FFBDFF}.Debug|x86.Build.0 = Debug|Win32
		{3C8F2A4A-5D9A-42A3-BEF1-69E515FFBDFF}.Release|x64.ActiveCfg = Release|x64
		{3C8F2A4A-5D9A-42A3-BEF1-69E515FFBDFF}.Release|x64.Build.0 = Release|x64
		{3C8F2A4A-5D9A-42A3-BEF1-69E515FFBDFF}.Release|x86.ActiveCfg = Release|Win32
		{3C8F2A4A-5D9A-42A3-BEF1-69E515FFBDFF}.Release|x86.Build.0 = Release|Win32
		{D0B33483-3F1C-4054-99E0-107466D635FB}.Debug|x64.ActiveCfg = Debug|x64
		{D0B33483-3F1C-4054-99E0-107466D635FB}.Debug|x64.Build.0 = Debug|x64
		{D0B33483-3F1C-4054-99E0-107466D635FB}.Debug|x86.ActiveCfg = Debug|Win32
		{D0B33483-3F1C-4054-99E0-107466D635FB}.Debug|x86.Build.0 = Debug|Win32
		{D0B33483-3F1C-4054-99E0-107466D635FB}.Release|x64.ActiveCfg = Release|x64
		{D0B33483-3F1C-4054-99E0-107466D635FB}.Release|x64.Build.0 = Release|x64
		{D0B33483-3F1C-4054-99E0-107466D635FB}.Release|x86.ActiveCfg = Release|Win32
		{D0B33483-3F1C-4054-99E0-107466D635FB}.Release|x86.Build.0 = Release|Win32
		{11C5151C-2F62-4EE3-86CF-F4B4A3CCA812}.Debug|x64.ActiveCfg = Debug|x64
		{11C5151C-2F62-4EE3-86CF-F4B4A3CCA812}.Debug|x64.Build.0 = Debug|x64
		{11C5151C-2F62-4EE3-86CF-F4B4A3CCA812}.Debug|x86.ActiveCfg = Debug|Win32
		{11C5151C-2F62-4EE3-86CF-F4B4A3CCA812}.Debug|x86.Build.0 = Debug|Win32
		{11C5151C-2F62-4EE3-86CF-F4B4A3CCA812}.Release|x64.ActiveCfg = Release|x64
		{11C5151C-2F62-4EE3-86CF-F4B4A3CCA812}.Release|x64.Build.0 = Release|x64
		{11C5151C-2F62-4EE3-86CF-F4B4A3CCA812}.Release|x86.ActiveCfg = Release|Win32
		{11C5151C-2F62-4EE3-86CF-F4B4A3CCA812}.Release|x86.Build.0 = Release|Win32
		{21916C26-B63C-4B08-B567-76060AA42486}.Debug|x64.ActiveCfg = Debug|x64
		{21916C26-B63C-4B08-B567-76060AA42486}.Debug|x64.Build.0 = Debug|x64
		{21916C26-B63C-4B08-B567-76060AA42486}.Debug|x86.ActiveCfg = Debug|Win32
		{21916C26-B63C-4B08-B567-76060AA42486}.Debug|x86.Build.0 = Debug|Win32
		{21916C26-B63C-4B08-B567-76060AA42486}.Release|x64.ActiveCfg = Release|x64
		{21916C26-B63C-4B08-B567-76060AA42486}.Release|x64.Build.0 = Release|x64
		{21916C26-B63C-4B08-B567-76060AA42486}.Release|x86.ActiveCfg = Release|Win32
		{21916C26-B63C-4B08-B567-76060AA42486}.Release|x86.Build.0 = Release|Win32
		{DA89FE90-6964-4D3A-86A9-CBF5A0F686F9}.Debug|x64.ActiveCfg = Debug|x64
		{DA89FE90-6964-4D3A-86A9-CBF5A0F686F9}.Debug|x64.Build.0 = Debug|x64
		{DA89FE90-6964-4D3A-86A9-CBF5A0F686F9}.Debug|x86.ActiveCfg = Debug|Win32
		{DA89FE90-6964-4D3A-86A9-CBF5A0F686F9}.Debug|x86.Build.0 = Debug|Win32
		{DA89FE90-6964-4D3A-86A9-CBF5A0F686F9}.Release|x64.ActiveCfg = Release|x64
		{DA89FE90-6964-4D3A-86A9-CBF5A0F686F9}.Release|x64.Build.0 = Release|x64
		{DA89FE90-6964-4D3A-86A9-CBF5A0F686F9}.Release|x86.ActiveCfg = Release|Win32
		{DA89FE90-6964-4D3A-86A9-CBF5A0F686F9}.Release|x86.Build.0 = Release|Win32
		{79536262-9963-4ECD-B8C5-78A54860DE61}.Debug|x64.ActiveCfg = Debug|x64
		{79536262-9963-4ECD-B8C5-78A54860DE61}.Debug|x64.Build.0 = Debug|x64
		{79536262-9963-4ECD-B8C5-78A54860DE61}.Debug|x86.ActiveCfg = Debug|Win32
		{79536262-9963-4ECD-B8C5-78A54860DE61}.Debug|x86.Build.0 = Debug|Win32
		{79536262-9963-4ECD-B8C5-78A54860DE61}.Release|x64.ActiveCfg = Release|x64
		{79536262-9963-4ECD-B8C5-78A54860DE61}.Release|x64.Build.0 = Release|x64
		{79536262-9963-4ECD-B8C5-78A54860DE61}.Release|x86.ActiveCfg = Release|Win32
		{79536262-9963-4ECD-B8C5-78A54860DE61}.Release|x86.Build.0 = Release|Win32
		{E4DC6D3C-BFFF-4C35-9E17-64AB3260974D}.Debug|x64.ActiveCfg = Debug|x64
		{E4DC6D3C-BFFF-4C35-9E17-64AB3260974D}.Debug|x64.Build.0 = Debug|x64
		{E4DC6D3C-BFFF-4C35-9E17-64AB3260974D}.Debug|x86.ActiveCfg = Debug|Win32
		{E4DC6D3C-BFFF-4C35-9E17-64AB3260974D}.Debug|x86.Build.0 = Debug|Win32
		{E4DC6D3C-BFFF-4C35-9E17-64AB3260974D}.Release|x64.ActiveCfg = Release|x64
		{E4DC6D3C-BFFF-4C35-9E17-64AB3260974D}.Release|x64.Build.0 = Release|x64
		{E4DC6D3C-BFFF-4C35-9E17-64AB3260974D}.Release|x86.ActiveCfg = Release|Win32
		{E4DC6D3C-BFFF-4C35-9E17-64AB3260974D}.Release|x86.Build.0 = Release|Win32
		{5AF8D8CF-680E-4209-9981-A2B5D7529520}.Debug|x64.ActiveCfg = Debug|x64
		{5AF8D8CF-680E-4209-9981-A2B5D7529520}.Debug|x64.Build.0 = Debug|x64
		{5AF8D8CF-680E-4209-9981-A2B5D7529520}.Debug|x86.ActiveCfg = Debug|Win32
		{5AF8D8CF-680E-4209-9981-A2B5D7529520}.Debug|x86.Build.0 = Debug|Win32
		{5AF8D8CF-680E-4209-9981-A2B5D7529520}.Release|x64.ActiveCfg = Release|x64
		{5AF8D8CF-680E-4209-9981-A2B5D7529520}.Release|x64.Build.0 = Release|x64
		{5AF8D8CF-680E-4209-9981-A2B5D7529520}.Release|x86.ActiveCfg = Release|Win32
		{5AF8D8CF-680E-4209-9981-A2B5D7529520}.Release|x86.Build.0 = Release|Win32
		{EFDC32BD-B9D1-4233-81C2-F6E972671B95}.Debug|x64.ActiveCfg = Debug|x64
		{EFDC32BD-B9D1-4233-81C2-F6E972671B95}.Debug|x64.Build.0 = Debug|x64
		{EFDC32BD-B9D1-4233-81C2-F6E972671B95}.Debug|x86.ActiveCfg = Debug|Win32
		{EFDC32BD-B9D1-4233-81C2-F6E972671B95}.Debug|x86.Build.0 = Debug|Win32
		{EFDC32BD-B9D1-4233-81C2-F6E972671B95}.Release|x64.ActiveCfg = Release|x64
		{EFDC32BD-B9D1-4233-81C2-F6E972671B95}.Release|x64.Build.0 = Release|x64
		{EFDC32BD-B9D1-4233-81C2-F6E972671B95}.Release|x86.ActiveCfg = Release|Win32
		{EFDC32BD-B9D1-4233-81C2-F6E972671B95}.Release|x86.Build.0 = Release|Win32
		{EA5C4F77-9D8F-4C1A-912E-4A2DD317CBE5}.Debug|x64.ActiveCfg = Debug|x64
		{EA5C4F77-9D8F-4C1A-912E-4A2DD317CBE5}.Debug|x64.Build.0 = Debug|x64
		{EA5C4F77-9D8F-4C1A-912E-4A2DD317CBE5}.Debug|x86.ActiveCfg = Debug|Win32
		{EA5C4F77-9D8F-4C1A-912E-4A2DD317CBE5}.Debug|x86.Build.0 = Debug|Win32
		{EA5C4F77-9D8F-4C1A-912E-4A2DD317CBE5}.Release|x64.ActiveCfg = Release|x64
		{EA5C4F77-9D8F-4C1A-912E-4A2DD317CBE5}.Release|x64.Build.0 = Release|x64
		{EA5C4F77-9D8F-4C1A-912E-4A2DD317CBE5}.Release|x86.ActiveCfg = Release|Win32
		{EA5C4F77-9D8F-4C1A-912E-4A2DD317CBE5}.Release|x86.Build.0 = Release|Win32
		{78300E23-460A-4383-8DBF-43B1AC947797}.Debug|x64.ActiveCfg = Debug|x64
		{78300E23-460A-4383-8DBF-43B1AC947797}.Debug|x64.Build.0 = Debug|x64
		{78300E23-460A-4383-8DBF-43B1AC947797}.Debug|x86.ActiveCfg = Debug|Win32
		{78300E23-460A-4383-8DBF-43B1AC947797}.Debug|x86.Build.0 = Debug|Win32
		{78300E23-460A-4383-8DBF-43B1AC947797}.Release|x64.ActiveCfg = Release|x64
		{78300E23-460A-4383-8DBF-43B1AC947797}.Release|x64.Build.0 = Release|x64
		{78300E23-460A-4383-8DBF-43B1AC947797}.Release|x86.ActiveCfg = Release|Win32
		{78300E23-460A-4383-8DBF-43B1AC947797}.Release|x86.Build.0 = Release|Win32
		{4AFD4419-4213-4378-B3C0-0F421690E1D9}.Debug|x64.ActiveCfg = Debug|x64
		{4AFD4419-4213-4378-B3C0-0F421690E1D9}.Debug|x64.Build.0 = Debug|x64
		{4AFD4419-4213-4378-B3C0-0F421690E1D9}.Debug|x86.ActiveCfg = Debug|Win32
		{4AFD4419-4213-4378-B3C0-0F421690E1D9}.Debug|x86.Build.0 = Debug|Win32
		{4AFD4419-4213-4378-B3C0-0F421690E1D9}.Release|x64.ActiveCfg = Release|x64
		{4AFD4419-4213-4378-B3C0-0F421690E1D9}.Release|x64.Build.0 = Release|x64
		{4AFD4419-4213-4378-B3C0-0F421690E1D9}.Release|x86.ActiveCfg = Release|Win32
		{4AFD4419-4213-4378-B3C0-0F421690E1D9}.Release|x86.Build.0 = Release|Win32
		{A8D6BB44-FC70-45C5-879D-2427B842D739}.Debug|x64.ActiveCfg = Debug|x64
		{A8D6BB44-FC70-45C5-879D-2427B842D739}.Debug|x64.Build.0 = Debug|x64
		{A8D6BB44-FC70-45C5-879D-2427B842D739}.Debug|x86.ActiveCfg = Debug|Win32
		{A8D6BB44-FC70-45C5-879D-2427B842D739}.Debug|x86.Build.0 = Debug|Win32
		{A8D6BB44-FC70-45C5-879D-2427B842D739}.Release|x64.ActiveCfg = Release|x64
		{A8D6BB44-FC70-45C5-879D-2427B842D739}.Release|x64.Build.0 = Release|x64
		{A8D6BB44-FC70-45C5-879D-2427B842D739}.Release|x86.ActiveCfg = Release|Win32
		{A8D6BB44-FC70-45C5-879D-2427B842D739}.Release|x86.Build.0 = Release|Win32
		{434D858B-6A52-47CA-9F98-49682936ECDC}.Debug|x64.ActiveCfg = Debug|x64
		{434D858B-6A52-47CA-9F98-49682936ECDC}.Debug|x64.Build.0 = Debug|x64
		{434D858B-6A52-47CA-9F98-49682936ECDC}.Debug|x86.ActiveCfg = Debug|Win32
		{434D858B-6A52-47CA-9F98-49682936ECDC}.Debug|x86.Build.0 = Debug|Win32
		{434D858B-6A52-47CA-9F98-49682936ECDC}.Release|x64.ActiveCfg = Release|x64
		{434D858B-6A52-47CA-9F98-49682936ECDC}.Release|x64.Build.0 = Release|x64
		{434D858B-6A52-47CA-9F98-49682936ECDC}.Release|x86.ActiveCfg = Release|Win32
		{434D858B-6A52-47CA-9F98-49682936ECDC}.Release|x86.Build.0 = Release|Win32
		{311BFD45-F596-4D47-BB2C-1820A8A47FE3}.Debug|x64.ActiveCfg = Debug|x64
		{311BFD45-F596-4D47-BB2C-1820A8A47FE3}.Debug|x64.Build.0 = Debug|x64
		{311BFD45-F596-4D47-BB2C-1820A8A47FE3}.Debug|x86.ActiveCfg = Debug|Win32
		{311BFD45-F596-4D47-BB2C-1820A8A47FE3}.Debug|x86.Build.0 = Debug|Win32
		{311BFD45-F596-4D47-BB2C-1820A8A47FE3}.Release|x64.ActiveCfg = Release|x64
		{311BFD45-F596-4D47-BB2C-1820A8A47FE3}.Release|x64.Build.0 = Release|x64
		{311BFD45-F596-4D47-BB2C-1820A8A47FE3}.Release|x86.ActiveCfg = Release|Win32
		{311BFD45-F596-4D47-BB2C-1820A8A47FE3}.Release|x86.Build.0 = Release|Win32
		{ECF8B494-1508-49F9-90C5-4BDA353427AF}.Debug|x64.ActiveCfg = Debug|x64
		{ECF8B494-1508-49F9-90C5-4BDA353427AF}.Debug|x64.Build.0 = Debug|x64
		{ECF8B494-1508-49F9-90C5-4BDA353427AF}.Debug|x86.ActiveCfg = Debug|Win32
		{ECF8B494-1508-49F9-90C5-4BDA353427AF}.Debug|x86.Build.0 = Debug|Win32
		{ECF8B494-1508-49F9-90C5-4BDA353427AF}.Release|x64.ActiveCfg = Release|x64
		{ECF8B494-1508-49F9-90C5-4BDA353427AF}.Release|x64.Build.0 = Release|x64
		{ECF8B494-1508-49F9-90C5-4BDA353427AF}.Release|x86.ActiveCfg = Release|Win32
		{ECF8B494-1508-49F9-90C5-4BDA353427AF}.Release|x86.Build.0 = Release|Win32
	EndGlobalSection
	GlobalSection(SolutionProperties) = preSolution
		HideSolutionNode = FALSE
	EndGlobalSection
	GlobalSection(ExtensibilityGlobals) = postSolution
		SolutionGuid = {DD9167C9-BC3D-4AD3-8A21-67D2235EC2A5}
	EndGlobalSection
EndGlobal
